
Microsoft Visual Studio Solution File, Format Version 12.00
# Visual Studio Version 17
VisualStudioVersion = 17.2.32519.379
MinimumVisualStudioVersion = 10.0.40219.1
Project("{9A19103F-16F7-4668-BE54-9A1E7A4F7556}") = "Blazor", "Blazor\Blazor.csproj", "{C580F862-02F2-4923-94F8-1C9BA09A8C4E}"
EndProject
Project("{9A19103F-16F7-4668-BE54-9A1E7A4F7556}") = "Modelos", "Modelos\Modelos.csproj", "{4AE8C702-8EDC-4370-AB8D-3B919BC5D79F}"
EndProject
Project("{9A19103F-16F7-4668-BE54-9A1E7A4F7556}") = "Datos", "Datos\Datos.csproj", "{3E054D83-1CBA-47DA-9E8B-C2F4AC7F9F5E}"
EndProject
Global
	GlobalSection(SolutionConfigurationPlatforms) = preSolution
		Debug|Any CPU = Debug|Any CPU
		Release|Any CPU = Release|Any CPU
	EndGlobalSection
	GlobalSection(ProjectConfigurationPlatforms) = postSolution
		{C580F862-02F2-4923-94F8-1C9BA09A8C4E}.Debug|Any CPU.ActiveCfg = Debug|Any CPU
		{C580F862-02F2-4923-94F8-1C9BA09A8C4E}.Debug|Any CPU.Build.0 = Debug|Any CPU
		{C580F862-02F2-4923-94F8-1C9BA09A8C4E}.Release|Any CPU.ActiveCfg = Release|Any CPU
		{C580F862-02F2-4923-94F8-1C9BA09A8C4E}.Release|Any CPU.Build.0 = Release|Any CPU
		{4AE8C702-8EDC-4370-AB8D-3B919BC5D79F}.Debug|Any CPU.ActiveCfg = Debug|Any CPU
		{4AE8C702-8EDC-4370-AB8D-3B919BC5D79F}.Debug|Any CPU.Build.0 = Debug|Any CPU
		{4AE8C702-8EDC-4370-AB8D-3B919BC5D79F}.Release|Any CPU.ActiveCfg = Release|Any CPU
		{4AE8C702-8EDC-4370-AB8D-3B919BC5D79F}.Release|Any CPU.Build.0 = Release|Any CPU
		{3E054D83-1CBA-47DA-9E8B-C2F4AC7F9F5E}.Debug|Any CPU.ActiveCfg = Debug|Any CPU
		{3E054D83-1CBA-47DA-9E8B-C2F4AC7F9F5E}.Debug|Any CPU.Build.0 = Debug|Any CPU
		{3E054D83-1CBA-47DA-9E8B-C2F4AC7F9F5E}.Release|Any CPU.ActiveCfg = Release|Any CPU
		{3E054D83-1CBA-47DA-9E8B-C2F4AC7F9F5E}.Release|Any CPU.Build.0 = Release|Any CPU
	EndGlobalSection
	GlobalSection(SolutionProperties) = preSolution
		HideSolutionNode = FALSE
	EndGlobalSection
	GlobalSection(ExtensibilityGlobals) = postSolution
		SolutionGuid = {BF5B1ACA-DA78-4EDA-B128-9C64B137B05A}
	EndGlobalSection
EndGlobal
